
Microsoft Visual Studio Solution File, Format Version 12.00
# Visual Studio Version 17
VisualStudioVersion = 17.7.34018.315
MinimumVisualStudioVersion = 10.0.40219.1
Project("{FAE04EC0-301F-11D3-BF4B-00C04F79EFBC}") = "BondEntityFramework2", "BondEntityFramework2\BondEntityFramework2.csproj", "{475C3217-BDFF-40E6-9436-D382AB5EFECC}"
EndProject
Global
	GlobalSection(SolutionConfigurationPlatforms) = preSolution
		Debug|Any CPU = Debug|Any CPU
		Release|Any CPU = Release|Any CPU
	EndGlobalSection
	GlobalSection(ProjectConfigurationPlatforms) = postSolution
		{475C3217-BDFF-40E6-9436-D382AB5EFECC}.Debug|Any CPU.ActiveCfg = Debug|Any CPU
		{475C3217-BDFF-40E6-9436-D382AB5EFECC}.Debug|Any CPU.Build.0 = Debug|Any CPU
		{475C3217-BDFF-40E6-9436-D382AB5EFECC}.Release|Any CPU.ActiveCfg = Release|Any CPU
		{475C3217-BDFF-40E6-9436-D382AB5EFECC}.Release|Any CPU.Build.0 = Release|Any CPU
	EndGlobalSection
	GlobalSection(SolutionProperties) = preSolution
		HideSolutionNode = FALSE
	EndGlobalSection
	GlobalSection(ExtensibilityGlobals) = postSolution
		SolutionGuid = {FA1A2414-350A-4683-88EE-C5BCC129B89A}
	EndGlobalSection
EndGlobal
